
Microsoft Visual Studio Solution File, Format Version 12.00
# Visual Studio Version 17
VisualStudioVersion = 17.3.32825.248
MinimumVisualStudioVersion = 10.0.40219.1
Project("{FAE04EC0-301F-11D3-BF4B-00C04F79EFBC}") = "MC-Server-GUI", "MC-Server-GUI\MC-Server-GUI.csproj", "{F617C679-2BE3-475E-86CC-880CDA708E59}"
EndProject
Global
	GlobalSection(SolutionConfigurationPlatforms) = preSolution
		Debug|Any CPU = Debug|Any CPU
		Release|Any CPU = Release|Any CPU
	EndGlobalSection
	GlobalSection(ProjectConfigurationPlatforms) = postSolution
		{F617C679-2BE3-475E-86CC-880CDA708E59}.Debug|Any CPU.ActiveCfg = Debug|Any CPU
		{F617C679-2BE3-475E-86CC-880CDA708E59}.Debug|Any CPU.Build.0 = Debug|Any CPU
		{F617C679-2BE3-475E-86CC-880CDA708E59}.Release|Any CPU.ActiveCfg = Release|Any CPU
		{F617C679-2BE3-475E-86CC-880CDA708E59}.Release|Any CPU.Build.0 = Release|Any CPU
	EndGlobalSection
	GlobalSection(SolutionProperties) = preSolution
		HideSolutionNode = FALSE
	EndGlobalSection
	GlobalSection(ExtensibilityGlobals) = postSolution
		SolutionGuid = {92475C46-C576-441E-829F-BAFF14A04BF2}
	EndGlobalSection
EndGlobal
